
Microsoft Visual Studio Solution File, Format Version 12.00
# Visual Studio 15
Project("{FAE04EC0-301F-11D3-BF4B-00C04F79EFBC}") = "color-randomizer", "color-randomizer\color-randomizer.csproj", "{1BB3DEB1-2B4B-4981-8173-A89878F6F003}"
EndProject
Project("{FAE04EC0-301F-11D3-BF4B-00C04F79EFBC}") = "color-randomizer.Tests", "color-randomizer.Tests\color-randomizer.Tests.csproj", "{4DABBC51-CEBA-4646-9ABF-2F880FEEEF69}"
EndProject
Global
	GlobalSection(SolutionConfigurationPlatforms) = preSolution
		Debug|Any CPU = Debug|Any CPU
		Release|Any CPU = Release|Any CPU
	EndGlobalSection
	GlobalSection(ProjectConfigurationPlatforms) = postSolution
		{1BB3DEB1-2B4B-4981-8173-A89878F6F003}.Debug|Any CPU.ActiveCfg = Debug|Any CPU
		{1BB3DEB1-2B4B-4981-8173-A89878F6F003}.Debug|Any CPU.Build.0 = Debug|Any CPU
		{1BB3DEB1-2B4B-4981-8173-A89878F6F003}.Release|Any CPU.ActiveCfg = Release|Any CPU
		{1BB3DEB1-2B4B-4981-8173-A89878F6F003}.Release|Any CPU.Build.0 = Release|Any CPU
		{4DABBC51-CEBA-4646-9ABF-2F880FEEEF69}.Debug|Any CPU.ActiveCfg = Debug|Any CPU
		{4DABBC51-CEBA-4646-9ABF-2F880FEEEF69}.Debug|Any CPU.Build.0 = Debug|Any CPU
		{4DABBC51-CEBA-4646-9ABF-2F880FEEEF69}.Release|Any CPU.ActiveCfg = Release|Any CPU
		{4DABBC51-CEBA-4646-9ABF-2F880FEEEF69}.Release|Any CPU.Build.0 = Release|Any CPU
	EndGlobalSection
EndGlobal
